
Microsoft Visual Studio Solution File, Format Version 12.00
# Visual Studio 15
VisualStudioVersion = 15.0.26124.0
MinimumVisualStudioVersion = 15.0.26124.0
Project("{FAE04EC0-301F-11D3-BF4B-00C04F79EFBC}") = "QuickBuy.Dominio", "QuickBuy.Dominio\QuickBuy.Dominio.csproj", "{3C395C9C-799A-4CAC-A421-B6C3FF4BD689}"
EndProject
Project("{FAE04EC0-301F-11D3-BF4B-00C04F79EFBC}") = "QuickBuy.Repositorio", "QuickBuy.Repositorio\QuickBuy.Repositorio.csproj", "{3EBBC50D-6A32-4808-90F9-8E058BBB0122}"
EndProject
Project("{FAE04EC0-301F-11D3-BF4B-00C04F79EFBC}") = "QuickBuy.Web", "QuickBuy.Web\QuickBuy.Web.csproj", "{DF5A010F-7B3D-47A9-A6C6-699C15C4B32F}"
EndProject
Global
	GlobalSection(SolutionConfigurationPlatforms) = preSolution
		Debug|Any CPU = Debug|Any CPU
		Debug|x64 = Debug|x64
		Debug|x86 = Debug|x86
		Release|Any CPU = Release|Any CPU
		Release|x64 = Release|x64
		Release|x86 = Release|x86
	EndGlobalSection
	GlobalSection(SolutionProperties) = preSolution
		HideSolutionNode = FALSE
	EndGlobalSection
	GlobalSection(ProjectConfigurationPlatforms) = postSolution
		{3C395C9C-799A-4CAC-A421-B6C3FF4BD689}.Debug|Any CPU.ActiveCfg = Debug|Any CPU
		{3C395C9C-799A-4CAC-A421-B6C3FF4BD689}.Debug|Any CPU.Build.0 = Debug|Any CPU
		{3C395C9C-799A-4CAC-A421-B6C3FF4BD689}.Debug|x64.ActiveCfg = Debug|Any CPU
		{3C395C9C-799A-4CAC-A421-B6C3FF4BD689}.Debug|x64.Build.0 = Debug|Any CPU
		{3C395C9C-799A-4CAC-A421-B6C3FF4BD689}.Debug|x86.ActiveCfg = Debug|Any CPU
		{3C395C9C-799A-4CAC-A421-B6C3FF4BD689}.Debug|x86.Build.0 = Debug|Any CPU
		{3C395C9C-799A-4CAC-A421-B6C3FF4BD689}.Release|Any CPU.ActiveCfg = Release|Any CPU
		{3C395C9C-799A-4CAC-A421-B6C3FF4BD689}.Release|Any CPU.Build.0 = Release|Any CPU
		{3C395C9C-799A-4CAC-A421-B6C3FF4BD689}.Release|x64.ActiveCfg = Release|Any CPU
		{3C395C9C-799A-4CAC-A421-B6C3FF4BD689}.Release|x64.Build.0 = Release|Any CPU
		{3C395C9C-799A-4CAC-A421-B6C3FF4BD689}.Release|x86.ActiveCfg = Release|Any CPU
		{3C395C9C-799A-4CAC-A421-B6C3FF4BD689}.Release|x86.Build.0 = Release|Any CPU
		{3EBBC50D-6A32-4808-90F9-8E058BBB0122}.Debug|Any CPU.ActiveCfg = Debug|Any CPU
		{3EBBC50D-6A32-4808-90F9-8E058BBB0122}.Debug|Any CPU.Build.0 = Debug|Any CPU
		{3EBBC50D-6A32-4808-90F9-8E058BBB0122}.Debug|x64.ActiveCfg = Debug|Any CPU
		{3EBBC50D-6A32-4808-90F9-8E058BBB0122}.Debug|x64.Build.0 = Debug|Any CPU
		{3EBBC50D-6A32-4808-90F9-8E058BBB0122}.Debug|x86.ActiveCfg = Debug|Any CPU
		{3EBBC50D-6A32-4808-90F9-8E058BBB0122}.Debug|x86.Build.0 = Debug|Any CPU
		{3EBBC50D-6A32-4808-90F9-8E058BBB0122}.Release|Any CPU.ActiveCfg = Release|Any CPU
		{3EBBC50D-6A32-4808-90F9-8E058BBB0122}.Release|Any CPU.Build.0 = Release|Any CPU
		{3EBBC50D-6A32-4808-90F9-8E058BBB0122}.Release|x64.ActiveCfg = Release|Any CPU
		{3EBBC50D-6A32-4808-90F9-8E058BBB0122}.Release|x64.Build.0 = Release|Any CPU
		{3EBBC50D-6A32-4808-90F9-8E058BBB0122}.Release|x86.ActiveCfg = Release|Any CPU
		{3EBBC50D-6A32-4808-90F9-8E058BBB0122}.Release|x86.Build.0 = Release|Any CPU
		{DF5A010F-7B3D-47A9-A6C6-699C15C4B32F}.Debug|Any CPU.ActiveCfg = Debug|Any CPU
		{DF5A010F-7B3D-47A9-A6C6-699C15C4B32F}.Debug|Any CPU.Build.0 = Debug|Any CPU
		{DF5A010F-7B3D-47A9-A6C6-699C15C4B32F}.Debug|x64.ActiveCfg = Debug|Any CPU
		{DF5A010F-7B3D-47A9-A6C6-699C15C4B32F}.Debug|x64.Build.0 = Debug|Any CPU
		{DF5A010F-7B3D-47A9-A6C6-699C15C4B32F}.Debug|x86.ActiveCfg = Debug|Any CPU
		{DF5A010F-7B3D-47A9-A6C6-699C15C4B32F}.Debug|x86.Build.0 = Debug|Any CPU
		{DF5A010F-7B3D-47A9-A6C6-699C15C4B32F}.Release|Any CPU.ActiveCfg = Release|Any CPU
		{DF5A010F-7B3D-47A9-A6C6-699C15C4B32F}.Release|Any CPU.Build.0 = Release|Any CPU
		{DF5A010F-7B3D-47A9-A6C6-699C15C4B32F}.Release|x64.ActiveCfg = Release|Any CPU
		{DF5A010F-7B3D-47A9-A6C6-699C15C4B32F}.Release|x64.Build.0 = Release|Any CPU
		{DF5A010F-7B3D-47A9-A6C6-699C15C4B32F}.Release|x86.ActiveCfg = Release|Any CPU
		{DF5A010F-7B3D-47A9-A6C6-699C15C4B32F}.Release|x86.Build.0 = Release|Any CPU
	EndGlobalSection
EndGlobal
